
Microsoft Visual Studio Solution File, Format Version 12.00
# Visual Studio Version 17
VisualStudioVersion = 17.13.35825.156 d17.13
MinimumVisualStudioVersion = 10.0.40219.1
Project("{FAE04EC0-301F-11D3-BF4B-00C04F79EFBC}") = "webapp", "webapp\webapp.csproj", "{A17F6E2A-A873-4767-B718-FCB1A7A81016}"
EndProject
Global
	GlobalSection(SolutionConfigurationPlatforms) = preSolution
		Debug|Any CPU = Debug|Any CPU
		Release|Any CPU = Release|Any CPU
	EndGlobalSection
	GlobalSection(ProjectConfigurationPlatforms) = postSolution
		{A17F6E2A-A873-4767-B718-FCB1A7A81016}.Debug|Any CPU.ActiveCfg = Debug|Any CPU
		{A17F6E2A-A873-4767-B718-FCB1A7A81016}.Debug|Any CPU.Build.0 = Debug|Any CPU
		{A17F6E2A-A873-4767-B718-FCB1A7A81016}.Release|Any CPU.ActiveCfg = Release|Any CPU
		{A17F6E2A-A873-4767-B718-FCB1A7A81016}.Release|Any CPU.Build.0 = Release|Any CPU
	EndGlobalSection
	GlobalSection(SolutionProperties) = preSolution
		HideSolutionNode = FALSE
	EndGlobalSection
	GlobalSection(ExtensibilityGlobals) = postSolution
		SolutionGuid = {126E6117-CAAD-4819-9503-D197D12A6EB9}
	EndGlobalSection
EndGlobal
